
Microsoft Visual Studio Solution File, Format Version 12.00
# Visual Studio Version 17
VisualStudioVersion = 17.6.33815.320
MinimumVisualStudioVersion = 10.0.40219.1
Project("{FAE04EC0-301F-11D3-BF4B-00C04F79EFBC}") = "DatabaseSQLMusicApp", "DatabaseSQLMusicApp\DatabaseSQLMusicApp.csproj", "{FC4593C4-BF74-455B-8EDC-BCF9F8AD9560}"
EndProject
Global
	GlobalSection(SolutionConfigurationPlatforms) = preSolution
		Debug|Any CPU = Debug|Any CPU
		Release|Any CPU = Release|Any CPU
	EndGlobalSection
	GlobalSection(ProjectConfigurationPlatforms) = postSolution
		{FC4593C4-BF74-455B-8EDC-BCF9F8AD9560}.Debug|Any CPU.ActiveCfg = Debug|Any CPU
		{FC4593C4-BF74-455B-8EDC-BCF9F8AD9560}.Debug|Any CPU.Build.0 = Debug|Any CPU
		{FC4593C4-BF74-455B-8EDC-BCF9F8AD9560}.Release|Any CPU.ActiveCfg = Release|Any CPU
		{FC4593C4-BF74-455B-8EDC-BCF9F8AD9560}.Release|Any CPU.Build.0 = Release|Any CPU
	EndGlobalSection
	GlobalSection(SolutionProperties) = preSolution
		HideSolutionNode = FALSE
	EndGlobalSection
	GlobalSection(ExtensibilityGlobals) = postSolution
		SolutionGuid = {66DA3B3A-057E-4E74-9213-08ECC1E9AAE5}
	EndGlobalSection
EndGlobal
